# This file was autogenerated by Stack.
# You should not edit this file by hand.
# For more information, please see the documentation at:
#   https://docs.haskellstack.org/en/stable/lock_files

packages:
- completed:
    name: textgen
    pantry-tree:
      sha256: 68716264189a1c5b4fe07c644434c347e6d6de92ad9967fde73580f3b736aeaa
      size: 408
    commit: 0779be0e2dbf711d0df0fdb68f7a7acba32c99a6
    git: https://github.com/spikelynch/textgen.git
    version: 0.5.1.0
  original:
    commit: 0779be0e2dbf711d0df0fdb68f7a7acba32c99a6
    git: https://github.com/spikelynch/textgen.git
snapshots:
- completed:
    sha256: b73b2b116143aea728c70e65c3239188998bac5bc3be56465813dacd74215dc5
    size: 648424
    url: https://raw.githubusercontent.com/commercialhaskell/stackage-snapshots/master/lts/20/1.yaml
  original:
    url: https://raw.githubusercontent.com/commercialhaskell/stackage-snapshots/master/lts/20/1.yaml
